
Microsoft Visual Studio Solution File, Format Version 12.00
# Visual Studio 15
VisualStudioVersion = 15.0.28307.421
MinimumVisualStudioVersion = 10.0.40219.1
Project("{2150E333-8FDC-42A3-9474-1A3956D46DE8}") = "CSharp_Basic", "CSharp_Basic", "{D2AFB8A6-283A-41EE-A226-F8A5246DD157}"
EndProject
Project("{2150E333-8FDC-42A3-9474-1A3956D46DE8}") = "CSharp_OOP", "CSharp_OOP", "{62E2B700-EF65-4470-B531-422C47E2AE60}"
EndProject
Project("{2150E333-8FDC-42A3-9474-1A3956D46DE8}") = "Others", "Others", "{4871B574-506E-491B-8B51-57A35F8044A3}"
EndProject
Project("{FAE04EC0-301F-11D3-BF4B-00C04F79EFBC}") = "Unit1_ForVsForeach", "Unit1_ForVsForeach\Unit1_ForVsForeach.csproj", "{4711DB92-1D4B-45C8-ABC3-C8F560BDFCBE}"
EndProject
Project("{FAE04EC0-301F-11D3-BF4B-00C04F79EFBC}") = "Unit2_VariablesTransportation", "Unit2_VariablesTransportation\Unit2_VariablesTransportation.csproj", "{10107400-39EE-4DB3-A5F5-2AD4D0A25E04}"
EndProject
Project("{FAE04EC0-301F-11D3-BF4B-00C04F79EFBC}") = "Unit3_OneDimensionalArray", "Unit3_OneDimensionalArray\Unit3_OneDimensionalArray.csproj", "{5202270A-A510-499E-9D10-76677C96B9C3}"
EndProject
Project("{FAE04EC0-301F-11D3-BF4B-00C04F79EFBC}") = "Unit4_TwoDimensionalArray", "Unit4_TwoDimensionalArray\Unit4_TwoDimensionalArray.csproj", "{4BDE91D4-7EA6-457F-8303-E42D98FFFE94}"
EndProject
Project("{FAE04EC0-301F-11D3-BF4B-00C04F79EFBC}") = "Unit5_Array", "Unit5_Array\Unit5_Array.csproj", "{25C377BE-EBB8-4AB6-BA39-DCE0390AD8FE}"
EndProject
Project("{FAE04EC0-301F-11D3-BF4B-00C04F79EFBC}") = "Unit6_Struct", "Unit6_Struct\Unit6_Struct.csproj", "{BB9D3129-7FE5-4E60-A209-0F6F2EFCB035}"
EndProject
Project("{FAE04EC0-301F-11D3-BF4B-00C04F79EFBC}") = "Unit1_Class", "Unit1_Class\Unit1_Class.csproj", "{F990D07A-8034-4C68-BEDB-090D3C36B920}"
EndProject
Project("{FAE04EC0-301F-11D3-BF4B-00C04F79EFBC}") = "Unit10_MaiTrangA9", "Unit10_MaiTrangA9\Unit10_MaiTrangA9.csproj", "{4640996B-331F-469D-8B26-B0244F6224F2}"
EndProject
Project("{FAE04EC0-301F-11D3-BF4B-00C04F79EFBC}") = "Unit12_Singleton", "Unit12_Singleton\Unit12_Singleton.csproj", "{213D073E-5A7D-4E2A-AA13-2822901AE602}"
EndProject
Project("{FAE04EC0-301F-11D3-BF4B-00C04F79EFBC}") = "Unit2_AbtractClass", "Unit2_AbtractClass\Unit2_AbtractClass.csproj", "{70BB50AF-BBF1-441C-8212-AB89C34A4005}"
EndProject
Project("{FAE04EC0-301F-11D3-BF4B-00C04F79EFBC}") = "Unit3_Interface", "Unit3_Interface\Unit3_Interface.csproj", "{EC302E35-2213-460D-B8A4-93BAB5FB42AD}"
EndProject
Project("{FAE04EC0-301F-11D3-BF4B-00C04F79EFBC}") = "Unit4_InheritanceVersion1", "Unit4_InheritanceVersion1\Unit4_InheritanceVersion1.csproj", "{0CCD77FF-4C6D-44CD-8730-30E4C8C5AAAE}"
EndProject
Project("{FAE04EC0-301F-11D3-BF4B-00C04F79EFBC}") = "Unit5_InheritanceVersion2", "Unit5_InheritanceVersion2\Unit5_InheritanceVersion2.csproj", "{7ABC55BD-3E69-4E1D-B6DF-88F7694DAA93}"
EndProject
Project("{FAE04EC0-301F-11D3-BF4B-00C04F79EFBC}") = "Unit6_Overloading", "Unit6_Overloading\Unit6_Overloading.csproj", "{6F09EEEA-04F4-4A5C-B582-B566D1664251}"
EndProject
Project("{FAE04EC0-301F-11D3-BF4B-00C04F79EFBC}") = "Unit7_Overriding", "Unit7_Overriding\Unit7_Overriding.csproj", "{18092F40-70B2-4B10-9A17-BC43BE9055CF}"
EndProject
Project("{FAE04EC0-301F-11D3-BF4B-00C04F79EFBC}") = "Unit8_Array.ConvertAllStringToInt", "Unit8_Array.ConvertAllStringToInt\Unit8_Array.ConvertAllStringToInt.csproj", "{3915D81A-9BC9-4C00-96E0-27FD351FAB96}"
EndProject
Project("{FAE04EC0-301F-11D3-BF4B-00C04F79EFBC}") = "Unit9_String.SplitVsString.ToCharArray", "Unit9_String.SplitVsString.ToCharArray\Unit9_String.SplitVsString.ToCharArray.csproj", "{2E622F5F-7C8E-46B2-9B84-A0E2936BD60A}"
EndProject
Project("{FAE04EC0-301F-11D3-BF4B-00C04F79EFBC}") = "TinhDiemDoAn", "TinhDiemDoAn\TinhDiemDoAn.csproj", "{A71D443F-E581-4660-B199-FBB13C98577F}"
EndProject
Project("{FAE04EC0-301F-11D3-BF4B-00C04F79EFBC}") = "Unit11_Regex", "Unit11_Regex\Unit11_Regex.csproj", "{ED6DCA82-6A5C-4046-AF7B-AB1BE20034EC}"
EndProject
Global
	GlobalSection(SolutionConfigurationPlatforms) = preSolution
		Debug|Any CPU = Debug|Any CPU
		Release|Any CPU = Release|Any CPU
	EndGlobalSection
	GlobalSection(ProjectConfigurationPlatforms) = postSolution
		{4711DB92-1D4B-45C8-ABC3-C8F560BDFCBE}.Debug|Any CPU.ActiveCfg = Debug|Any CPU
		{4711DB92-1D4B-45C8-ABC3-C8F560BDFCBE}.Debug|Any CPU.Build.0 = Debug|Any CPU
		{4711DB92-1D4B-45C8-ABC3-C8F560BDFCBE}.Release|Any CPU.ActiveCfg = Release|Any CPU
		{4711DB92-1D4B-45C8-ABC3-C8F560BDFCBE}.Release|Any CPU.Build.0 = Release|Any CPU
		{10107400-39EE-4DB3-A5F5-2AD4D0A25E04}.Debug|Any CPU.ActiveCfg = Debug|Any CPU
		{10107400-39EE-4DB3-A5F5-2AD4D0A25E04}.Debug|Any CPU.Build.0 = Debug|Any CPU
		{10107400-39EE-4DB3-A5F5-2AD4D0A25E04}.Release|Any CPU.ActiveCfg = Release|Any CPU
		{10107400-39EE-4DB3-A5F5-2AD4D0A25E04}.Release|Any CPU.Build.0 = Release|Any CPU
		{5202270A-A510-499E-9D10-76677C96B9C3}.Debug|Any CPU.ActiveCfg = Debug|Any CPU
		{5202270A-A510-499E-9D10-76677C96B9C3}.Debug|Any CPU.Build.0 = Debug|Any CPU
		{5202270A-A510-499E-9D10-76677C96B9C3}.Release|Any CPU.ActiveCfg = Release|Any CPU
		{5202270A-A510-499E-9D10-76677C96B9C3}.Release|Any CPU.Build.0 = Release|Any CPU
		{4BDE91D4-7EA6-457F-8303-E42D98FFFE94}.Debug|Any CPU.ActiveCfg = Debug|Any CPU
		{4BDE91D4-7EA6-457F-8303-E42D98FFFE94}.Debug|Any CPU.Build.0 = Debug|Any CPU
		{4BDE91D4-7EA6-457F-8303-E42D98FFFE94}.Release|Any CPU.ActiveCfg = Release|Any CPU
		{4BDE91D4-7EA6-457F-8303-E42D98FFFE94}.Release|Any CPU.Build.0 = Release|Any CPU
		{25C377BE-EBB8-4AB6-BA39-DCE0390AD8FE}.Debug|Any CPU.ActiveCfg = Debug|Any CPU
		{25C377BE-EBB8-4AB6-BA39-DCE0390AD8FE}.Debug|Any CPU.Build.0 = Debug|Any CPU
		{25C377BE-EBB8-4AB6-BA39-DCE0390AD8FE}.Release|Any CPU.ActiveCfg = Release|Any CPU
		{25C377BE-EBB8-4AB6-BA39-DCE0390AD8FE}.Release|Any CPU.Build.0 = Release|Any CPU
		{BB9D3129-7FE5-4E60-A209-0F6F2EFCB035}.Debug|Any CPU.ActiveCfg = Debug|Any CPU
		{BB9D3129-7FE5-4E60-A209-0F6F2EFCB035}.Debug|Any CPU.Build.0 = Debug|Any CPU
		{BB9D3129-7FE5-4E60-A209-0F6F2EFCB035}.Release|Any CPU.ActiveCfg = Release|Any CPU
		{BB9D3129-7FE5-4E60-A209-0F6F2EFCB035}.Release|Any CPU.Build.0 = Release|Any CPU
		{F990D07A-8034-4C68-BEDB-090D3C36B920}.Debug|Any CPU.ActiveCfg = Debug|Any CPU
		{F990D07A-8034-4C68-BEDB-090D3C36B920}.Debug|Any CPU.Build.0 = Debug|Any CPU
		{F990D07A-8034-4C68-BEDB-090D3C36B920}.Release|Any CPU.ActiveCfg = Release|Any CPU
		{F990D07A-8034-4C68-BEDB-090D3C36B920}.Release|Any CPU.Build.0 = Release|Any CPU
		{4640996B-331F-469D-8B26-B0244F6224F2}.Debug|Any CPU.ActiveCfg = Debug|Any CPU
		{4640996B-331F-469D-8B26-B0244F6224F2}.Debug|Any CPU.Build.0 = Debug|Any CPU
		{4640996B-331F-469D-8B26-B0244F6224F2}.Release|Any CPU.ActiveCfg = Release|Any CPU
		{4640996B-331F-469D-8B26-B0244F6224F2}.Release|Any CPU.Build.0 = Release|Any CPU
		{213D073E-5A7D-4E2A-AA13-2822901AE602}.Debug|Any CPU.ActiveCfg = Debug|Any CPU
		{213D073E-5A7D-4E2A-AA13-2822901AE602}.Debug|Any CPU.Build.0 = Debug|Any CPU
		{213D073E-5A7D-4E2A-AA13-2822901AE602}.Release|Any CPU.ActiveCfg = Release|Any CPU
		{213D073E-5A7D-4E2A-AA13-2822901AE602}.Release|Any CPU.Build.0 = Release|Any CPU
		{70BB50AF-BBF1-441C-8212-AB89C34A4005}.Debug|Any CPU.ActiveCfg = Debug|Any CPU
		{70BB50AF-BBF1-441C-8212-AB89C34A4005}.Debug|Any CPU.Build.0 = Debug|Any CPU
		{70BB50AF-BBF1-441C-8212-AB89C34A4005}.Release|Any CPU.ActiveCfg = Release|Any CPU
		{70BB50AF-BBF1-441C-8212-AB89C34A4005}.Release|Any CPU.Build.0 = Release|Any CPU
		{EC302E35-2213-460D-B8A4-93BAB5FB42AD}.Debug|Any CPU.ActiveCfg = Debug|Any CPU
		{EC302E35-2213-460D-B8A4-93BAB5FB42AD}.Debug|Any CPU.Build.0 = Debug|Any CPU
		{EC302E35-2213-460D-B8A4-93BAB5FB42AD}.Release|Any CPU.ActiveCfg = Release|Any CPU
		{EC302E35-2213-460D-B8A4-93BAB5FB42AD}.Release|Any CPU.Build.0 = Release|Any CPU
		{0CCD77FF-4C6D-44CD-8730-30E4C8C5AAAE}.Debug|Any CPU.ActiveCfg = Debug|Any CPU
		{0CCD77FF-4C6D-44CD-8730-30E4C8C5AAAE}.Debug|Any CPU.Build.0 = Debug|Any CPU
		{0CCD77FF-4C6D-44CD-8730-30E4C8C5AAAE}.Release|Any CPU.ActiveCfg = Release|Any CPU
		{0CCD77FF-4C6D-44CD-8730-30E4C8C5AAAE}.Release|Any CPU.Build.0 = Release|Any CPU
		{7ABC55BD-3E69-4E1D-B6DF-88F7694DAA93}.Debug|Any CPU.ActiveCfg = Debug|Any CPU
		{7ABC55BD-3E69-4E1D-B6DF-88F7694DAA93}.Debug|Any CPU.Build.0 = Debug|Any CPU
		{7ABC55BD-3E69-4E1D-B6DF-88F7694DAA93}.Release|Any CPU.ActiveCfg = Release|Any CPU
		{7ABC55BD-3E69-4E1D-B6DF-88F7694DAA93}.Release|Any CPU.Build.0 = Release|Any CPU
		{6F09EEEA-04F4-4A5C-B582-B566D1664251}.Debug|Any CPU.ActiveCfg = Debug|Any CPU
		{6F09EEEA-04F4-4A5C-B582-B566D1664251}.Debug|Any CPU.Build.0 = Debug|Any CPU
		{6F09EEEA-04F4-4A5C-B582-B566D1664251}.Release|Any CPU.ActiveCfg = Release|Any CPU
		{6F09EEEA-04F4-4A5C-B582-B566D1664251}.Release|Any CPU.Build.0 = Release|Any CPU
		{18092F40-70B2-4B10-9A17-BC43BE9055CF}.Debug|Any CPU.ActiveCfg = Debug|Any CPU
		{18092F40-70B2-4B10-9A17-BC43BE9055CF}.Debug|Any CPU.Build.0 = Debug|Any CPU
		{18092F40-70B2-4B10-9A17-BC43BE9055CF}.Release|Any CPU.ActiveCfg = Release|Any CPU
		{18092F40-70B2-4B10-9A17-BC43BE9055CF}.Release|Any CPU.Build.0 = Release|Any CPU
		{3915D81A-9BC9-4C00-96E0-27FD351FAB96}.Debug|Any CPU.ActiveCfg = Debug|Any CPU
		{3915D81A-9BC9-4C00-96E0-27FD351FAB96}.Debug|Any CPU.Build.0 = Debug|Any CPU
		{3915D81A-9BC9-4C00-96E0-27FD351FAB96}.Release|Any CPU.ActiveCfg = Release|Any CPU
		{3915D81A-9BC9-4C00-96E0-27FD351FAB96}.Release|Any CPU.Build.0 = Release|Any CPU
		{2E622F5F-7C8E-46B2-9B84-A0E2936BD60A}.Debug|Any CPU.ActiveCfg = Debug|Any CPU
		{2E622F5F-7C8E-46B2-9B84-A0E2936BD60A}.Debug|Any CPU.Build.0 = Debug|Any CPU
		{2E622F5F-7C8E-46B2-9B84-A0E2936BD60A}.Release|Any CPU.ActiveCfg = Release|Any CPU
		{2E622F5F-7C8E-46B2-9B84-A0E2936BD60A}.Release|Any CPU.Build.0 = Release|Any CPU
		{A71D443F-E581-4660-B199-FBB13C98577F}.Debug|Any CPU.ActiveCfg = Debug|Any CPU
		{A71D443F-E581-4660-B199-FBB13C98577F}.Debug|Any CPU.Build.0 = Debug|Any CPU
		{A71D443F-E581-4660-B199-FBB13C98577F}.Release|Any CPU.ActiveCfg = Release|Any CPU
		{A71D443F-E581-4660-B199-FBB13C98577F}.Release|Any CPU.Build.0 = Release|Any CPU
		{ED6DCA82-6A5C-4046-AF7B-AB1BE20034EC}.Debug|Any CPU.ActiveCfg = Debug|Any CPU
		{ED6DCA82-6A5C-4046-AF7B-AB1BE20034EC}.Debug|Any CPU.Build.0 = Debug|Any CPU
		{ED6DCA82-6A5C-4046-AF7B-AB1BE20034EC}.Release|Any CPU.ActiveCfg = Release|Any CPU
		{ED6DCA82-6A5C-4046-AF7B-AB1BE20034EC}.Release|Any CPU.Build.0 = Release|Any CPU
	EndGlobalSection
	GlobalSection(SolutionProperties) = preSolution
		HideSolutionNode = FALSE
	EndGlobalSection
	GlobalSection(NestedProjects) = preSolution
		{4711DB92-1D4B-45C8-ABC3-C8F560BDFCBE} = {D2AFB8A6-283A-41EE-A226-F8A5246DD157}
		{10107400-39EE-4DB3-A5F5-2AD4D0A25E04} = {D2AFB8A6-283A-41EE-A226-F8A5246DD157}
		{5202270A-A510-499E-9D10-76677C96B9C3} = {D2AFB8A6-283A-41EE-A226-F8A5246DD157}
		{4BDE91D4-7EA6-457F-8303-E42D98FFFE94} = {D2AFB8A6-283A-41EE-A226-F8A5246DD157}
		{25C377BE-EBB8-4AB6-BA39-DCE0390AD8FE} = {D2AFB8A6-283A-41EE-A226-F8A5246DD157}
		{BB9D3129-7FE5-4E60-A209-0F6F2EFCB035} = {D2AFB8A6-283A-41EE-A226-F8A5246DD157}
		{F990D07A-8034-4C68-BEDB-090D3C36B920} = {62E2B700-EF65-4470-B531-422C47E2AE60}
		{4640996B-331F-469D-8B26-B0244F6224F2} = {62E2B700-EF65-4470-B531-422C47E2AE60}
		{213D073E-5A7D-4E2A-AA13-2822901AE602} = {62E2B700-EF65-4470-B531-422C47E2AE60}
		{70BB50AF-BBF1-441C-8212-AB89C34A4005} = {62E2B700-EF65-4470-B531-422C47E2AE60}
		{EC302E35-2213-460D-B8A4-93BAB5FB42AD} = {62E2B700-EF65-4470-B531-422C47E2AE60}
		{0CCD77FF-4C6D-44CD-8730-30E4C8C5AAAE} = {62E2B700-EF65-4470-B531-422C47E2AE60}
		{7ABC55BD-3E69-4E1D-B6DF-88F7694DAA93} = {62E2B700-EF65-4470-B531-422C47E2AE60}
		{6F09EEEA-04F4-4A5C-B582-B566D1664251} = {62E2B700-EF65-4470-B531-422C47E2AE60}
		{18092F40-70B2-4B10-9A17-BC43BE9055CF} = {62E2B700-EF65-4470-B531-422C47E2AE60}
		{3915D81A-9BC9-4C00-96E0-27FD351FAB96} = {62E2B700-EF65-4470-B531-422C47E2AE60}
		{2E622F5F-7C8E-46B2-9B84-A0E2936BD60A} = {62E2B700-EF65-4470-B531-422C47E2AE60}
		{A71D443F-E581-4660-B199-FBB13C98577F} = {4871B574-506E-491B-8B51-57A35F8044A3}
		{ED6DCA82-6A5C-4046-AF7B-AB1BE20034EC} = {62E2B700-EF65-4470-B531-422C47E2AE60}
	EndGlobalSection
	GlobalSection(ExtensibilityGlobals) = postSolution
		SolutionGuid = {E5A39D8B-17E0-4979-9ACD-3F14960258BC}
	EndGlobalSection
EndGlobal
